
Microsoft Visual Studio Solution File, Format Version 12.00
# Visual Studio Version 16
VisualStudioVersion = 16.0.31729.503
MinimumVisualStudioVersion = 10.0.40219.1
Project("{FAE04EC0-301F-11D3-BF4B-00C04F79EFBC}") = "Aula2_Login_Cadastro", "Aula2_Login_Cadastro.csproj", "{BE4ADF7E-F2A8-4A2B-BE03-27F2C2E4FF56}"
EndProject
Global
	GlobalSection(SolutionConfigurationPlatforms) = preSolution
		Debug|Any CPU = Debug|Any CPU
		Release|Any CPU = Release|Any CPU
	EndGlobalSection
	GlobalSection(ProjectConfigurationPlatforms) = postSolution
		{BE4ADF7E-F2A8-4A2B-BE03-27F2C2E4FF56}.Debug|Any CPU.ActiveCfg = Debug|Any CPU
		{BE4ADF7E-F2A8-4A2B-BE03-27F2C2E4FF56}.Debug|Any CPU.Build.0 = Debug|Any CPU
		{BE4ADF7E-F2A8-4A2B-BE03-27F2C2E4FF56}.Release|Any CPU.ActiveCfg = Release|Any CPU
		{BE4ADF7E-F2A8-4A2B-BE03-27F2C2E4FF56}.Release|Any CPU.Build.0 = Release|Any CPU
	EndGlobalSection
	GlobalSection(SolutionProperties) = preSolution
		HideSolutionNode = FALSE
	EndGlobalSection
	GlobalSection(ExtensibilityGlobals) = postSolution
		SolutionGuid = {198E8476-49F2-4144-90D0-2E25CC53A7E3}
	EndGlobalSection
EndGlobal
